
Microsoft Visual Studio Solution File, Format Version 12.00
# Visual Studio 15
VisualStudioVersion = 15.0.27428.2002
MinimumVisualStudioVersion = 10.0.40219.1
Project("{FAE04EC0-301F-11D3-BF4B-00C04F79EFBC}") = "ShowDayOfWeek", "ShowDayOfWeek\ShowDayOfWeek.csproj", "{8E6740B4-CE2E-4DB2-B222-1CBA150D4A0F}"
EndProject
Project("{FAE04EC0-301F-11D3-BF4B-00C04F79EFBC}") = "CoutDayToDate", "CoutDayToDate\CoutDayToDate.csproj", "{384EF73E-CCEF-4F0C-8841-C4C9D75C3D35}"
EndProject
Project("{FAE04EC0-301F-11D3-BF4B-00C04F79EFBC}") = "GasStation", "GasStation\GasStation.csproj", "{954BAE41-0BE6-44AF-8CF8-BC121019A3B7}"
EndProject
Global
	GlobalSection(SolutionConfigurationPlatforms) = preSolution
		Debug|Any CPU = Debug|Any CPU
		Release|Any CPU = Release|Any CPU
	EndGlobalSection
	GlobalSection(ProjectConfigurationPlatforms) = postSolution
		{8E6740B4-CE2E-4DB2-B222-1CBA150D4A0F}.Debug|Any CPU.ActiveCfg = Debug|Any CPU
		{8E6740B4-CE2E-4DB2-B222-1CBA150D4A0F}.Debug|Any CPU.Build.0 = Debug|Any CPU
		{8E6740B4-CE2E-4DB2-B222-1CBA150D4A0F}.Release|Any CPU.ActiveCfg = Release|Any CPU
		{8E6740B4-CE2E-4DB2-B222-1CBA150D4A0F}.Release|Any CPU.Build.0 = Release|Any CPU
		{384EF73E-CCEF-4F0C-8841-C4C9D75C3D35}.Debug|Any CPU.ActiveCfg = Debug|Any CPU
		{384EF73E-CCEF-4F0C-8841-C4C9D75C3D35}.Debug|Any CPU.Build.0 = Debug|Any CPU
		{384EF73E-CCEF-4F0C-8841-C4C9D75C3D35}.Release|Any CPU.ActiveCfg = Release|Any CPU
		{384EF73E-CCEF-4F0C-8841-C4C9D75C3D35}.Release|Any CPU.Build.0 = Release|Any CPU
		{954BAE41-0BE6-44AF-8CF8-BC121019A3B7}.Debug|Any CPU.ActiveCfg = Debug|Any CPU
		{954BAE41-0BE6-44AF-8CF8-BC121019A3B7}.Debug|Any CPU.Build.0 = Debug|Any CPU
		{954BAE41-0BE6-44AF-8CF8-BC121019A3B7}.Release|Any CPU.ActiveCfg = Release|Any CPU
		{954BAE41-0BE6-44AF-8CF8-BC121019A3B7}.Release|Any CPU.Build.0 = Release|Any CPU
	EndGlobalSection
	GlobalSection(SolutionProperties) = preSolution
		HideSolutionNode = FALSE
	EndGlobalSection
	GlobalSection(ExtensibilityGlobals) = postSolution
		SolutionGuid = {100C8317-357E-403E-8E6F-232CCEAE6EC4}
	EndGlobalSection
EndGlobal
